
Microsoft Visual Studio Solution File, Format Version 12.00
# Visual Studio 15
VisualStudioVersion = 15.0.27428.2005
MinimumVisualStudioVersion = 10.0.40219.1
Project("{FAE04EC0-301F-11D3-BF4B-00C04F79EFBC}") = "WpfEmployee", "WpfEmployee\WpfEmployee.csproj", "{DAF12B40-4983-441D-A683-486135010ACA}"
EndProject
Global
	GlobalSection(SolutionConfigurationPlatforms) = preSolution
		Debug|Any CPU = Debug|Any CPU
		Release|Any CPU = Release|Any CPU
	EndGlobalSection
	GlobalSection(ProjectConfigurationPlatforms) = postSolution
		{DAF12B40-4983-441D-A683-486135010ACA}.Debug|Any CPU.ActiveCfg = Debug|Any CPU
		{DAF12B40-4983-441D-A683-486135010ACA}.Debug|Any CPU.Build.0 = Debug|Any CPU
		{DAF12B40-4983-441D-A683-486135010ACA}.Release|Any CPU.ActiveCfg = Release|Any CPU
		{DAF12B40-4983-441D-A683-486135010ACA}.Release|Any CPU.Build.0 = Release|Any CPU
	EndGlobalSection
	GlobalSection(SolutionProperties) = preSolution
		HideSolutionNode = FALSE
	EndGlobalSection
	GlobalSection(ExtensibilityGlobals) = postSolution
		SolutionGuid = {31EA512C-5147-4B11-B820-AB207EC03E79}
	EndGlobalSection
EndGlobal
